
Microsoft Visual Studio Solution File, Format Version 12.00
# Visual Studio 2015
Project("{FAE04EC0-301F-11D3-BF4B-00C04F79EFBC}") = "InteractiveSlacklineSystem.Plugins", "InteractiveSlacklineSystem.Plugins.csproj", "{D109AD17-D292-C818-E656-B5D0B5311AB2}"
EndProject
Project("{FAE04EC0-301F-11D3-BF4B-00C04F79EFBC}") = "InteractiveSlacklineSystem", "InteractiveSlacklineSystem.csproj", "{DA6FFC8C-6C7F-70F2-DA63-5CACBD517F9F}"
EndProject
Project("{FAE04EC0-301F-11D3-BF4B-00C04F79EFBC}") = "InteractiveSlacklineSystem.Editor.Plugins", "InteractiveSlacklineSystem.Editor.Plugins.csproj", "{E923DE13-CAF6-C9BE-62A1-167F7DD9C6F2}"
EndProject
Project("{FAE04EC0-301F-11D3-BF4B-00C04F79EFBC}") = "InteractiveSlacklineSystem.Editor", "InteractiveSlacklineSystem.Editor.csproj", "{EE453B86-1AD5-6A56-AC58-2A0AB4638547}"
EndProject
Global
	GlobalSection(SolutionConfigurationPlatforms) = preSolution
		Debug|Any CPU = Debug|Any CPU
		Release|Any CPU = Release|Any CPU
	EndGlobalSection
	GlobalSection(ProjectConfigurationPlatforms) = postSolution
		{D109AD17-D292-C818-E656-B5D0B5311AB2}.Debug|Any CPU.ActiveCfg = Debug|Any CPU
		{D109AD17-D292-C818-E656-B5D0B5311AB2}.Debug|Any CPU.Build.0 = Debug|Any CPU
		{D109AD17-D292-C818-E656-B5D0B5311AB2}.Release|Any CPU.ActiveCfg = Release|Any CPU
		{D109AD17-D292-C818-E656-B5D0B5311AB2}.Release|Any CPU.Build.0 = Release|Any CPU
		{DA6FFC8C-6C7F-70F2-DA63-5CACBD517F9F}.Debug|Any CPU.ActiveCfg = Debug|Any CPU
		{DA6FFC8C-6C7F-70F2-DA63-5CACBD517F9F}.Debug|Any CPU.Build.0 = Debug|Any CPU
		{DA6FFC8C-6C7F-70F2-DA63-5CACBD517F9F}.Release|Any CPU.ActiveCfg = Release|Any CPU
		{DA6FFC8C-6C7F-70F2-DA63-5CACBD517F9F}.Release|Any CPU.Build.0 = Release|Any CPU
		{E923DE13-CAF6-C9BE-62A1-167F7DD9C6F2}.Debug|Any CPU.ActiveCfg = Debug|Any CPU
		{E923DE13-CAF6-C9BE-62A1-167F7DD9C6F2}.Debug|Any CPU.Build.0 = Debug|Any CPU
		{E923DE13-CAF6-C9BE-62A1-167F7DD9C6F2}.Release|Any CPU.ActiveCfg = Release|Any CPU
		{E923DE13-CAF6-C9BE-62A1-167F7DD9C6F2}.Release|Any CPU.Build.0 = Release|Any CPU
		{EE453B86-1AD5-6A56-AC58-2A0AB4638547}.Debug|Any CPU.ActiveCfg = Debug|Any CPU
		{EE453B86-1AD5-6A56-AC58-2A0AB4638547}.Debug|Any CPU.Build.0 = Debug|Any CPU
		{EE453B86-1AD5-6A56-AC58-2A0AB4638547}.Release|Any CPU.ActiveCfg = Release|Any CPU
		{EE453B86-1AD5-6A56-AC58-2A0AB4638547}.Release|Any CPU.Build.0 = Release|Any CPU
	EndGlobalSection
	GlobalSection(SolutionProperties) = preSolution
		HideSolutionNode = FALSE
	EndGlobalSection
EndGlobal
